
Microsoft Visual Studio Solution File, Format Version 12.00
# Visual Studio Version 17
VisualStudioVersion = 17.10.35013.160
MinimumVisualStudioVersion = 10.0.40219.1
Project("{FAE04EC0-301F-11D3-BF4B-00C04F79EFBC}") = "SPD1305X", "SPD1305X\SPD1305X.csproj", "{C2A16612-CBA3-40B6-94E1-55C56163A78E}"
EndProject
Global
	GlobalSection(SolutionConfigurationPlatforms) = preSolution
		Debug|Any CPU = Debug|Any CPU
		Release|Any CPU = Release|Any CPU
	EndGlobalSection
	GlobalSection(ProjectConfigurationPlatforms) = postSolution
		{C2A16612-CBA3-40B6-94E1-55C56163A78E}.Debug|Any CPU.ActiveCfg = Debug|Any CPU
		{C2A16612-CBA3-40B6-94E1-55C56163A78E}.Debug|Any CPU.Build.0 = Debug|Any CPU
		{C2A16612-CBA3-40B6-94E1-55C56163A78E}.Release|Any CPU.ActiveCfg = Release|Any CPU
		{C2A16612-CBA3-40B6-94E1-55C56163A78E}.Release|Any CPU.Build.0 = Release|Any CPU
	EndGlobalSection
	GlobalSection(SolutionProperties) = preSolution
		HideSolutionNode = FALSE
	EndGlobalSection
	GlobalSection(ExtensibilityGlobals) = postSolution
		SolutionGuid = {FD43D2A6-B120-4591-A8FC-EEAF4D03718A}
	EndGlobalSection
EndGlobal
